
Microsoft Visual Studio Solution File, Format Version 12.00
# Visual Studio Version 17
VisualStudioVersion = 17.7.34031.279
MinimumVisualStudioVersion = 10.0.40219.1
Project("{2150E333-8FDC-42A3-9474-1A3956D46DE8}") = "Solution Items", "Solution Items", "{2AC15906-580E-4530-A860-6BA6301CAD2E}"
	ProjectSection(SolutionItems) = preProject
		.editorconfig = .editorconfig
		CHANGELOG.md = CHANGELOG.md
		Directory.Build.props = Directory.Build.props
		docs\logo.png = docs\logo.png
		nuget.config = nuget.config
		README.md = README.md
	EndProjectSection
EndProject
Project("{9A19103F-16F7-4668-BE54-9A1E7A4F7556}") = "FluentMigrator.Runner", "src\FluentMigrator.Runner\FluentMigrator.Runner.csproj", "{0433595D-963A-49BE-BF05-9F293D88C7B2}"
EndProject
Project("{2150E333-8FDC-42A3-9474-1A3956D46DE8}") = "src", "src", "{16DED0B3-1401-43AD-9402-3DC90918FFD7}"
EndProject
Project("{2150E333-8FDC-42A3-9474-1A3956D46DE8}") = "runners", "runners", "{9D911F62-908F-4067-A487-73D146993031}"
EndProject
Project("{2150E333-8FDC-42A3-9474-1A3956D46DE8}") = "db-support", "db-support", "{BFDA3B73-2F8E-4AFF-A6EF-322B9FECD3D1}"
EndProject
Project("{9A19103F-16F7-4668-BE54-9A1E7A4F7556}") = "FluentMigrator.Runner.SQLite", "src\FluentMigrator.Runner.SQLite\FluentMigrator.Runner.SQLite.csproj", "{26336AEF-C40C-4150-8CDD-92E090EDE315}"
EndProject
Project("{9A19103F-16F7-4668-BE54-9A1E7A4F7556}") = "FluentMigrator.Runner.Core", "src\FluentMigrator.Runner.Core\FluentMigrator.Runner.Core.csproj", "{A35186EC-1822-41CE-BD61-8F82AC96E8C2}"
EndProject
Project("{9A19103F-16F7-4668-BE54-9A1E7A4F7556}") = "FluentMigrator.Abstractions", "src\FluentMigrator.Abstractions\FluentMigrator.Abstractions.csproj", "{CC0DC74D-76BC-4092-955D-79C7BA917694}"
EndProject
Project("{2150E333-8FDC-42A3-9474-1A3956D46DE8}") = "samples", "samples", "{DE3C74CA-1396-44E6-B46B-5536BC9771DB}"
EndProject
Project("{9A19103F-16F7-4668-BE54-9A1E7A4F7556}") = "FluentMigrator.Example.Migrations", "samples\FluentMigrator.Example.Migrations\FluentMigrator.Example.Migrations.csproj", "{391CBF2A-03C3-4E72-A8F1-1F195EA59BBA}"
EndProject
Project("{9A19103F-16F7-4668-BE54-9A1E7A4F7556}") = "FluentMigrator.Example.Migrator", "samples\FluentMigrator.Example.Migrator\FluentMigrator.Example.Migrator.csproj", "{7B2CE1AA-0FEC-44D9-9643-990D70318F40}"
EndProject
Project("{9A19103F-16F7-4668-BE54-9A1E7A4F7556}") = "FluentMigrator", "src\FluentMigrator\FluentMigrator.csproj", "{9485E0CB-384C-4B28-AE97-5C34367D2CA9}"
EndProject
Project("{2150E333-8FDC-42A3-9474-1A3956D46DE8}") = "packaging", "packaging", "{A9B5BE31-4940-4092-A0A7-79C3F73B4584}"
	ProjectSection(SolutionItems) = preProject
		Global.props = Global.props
		PackageLibrary.props = PackageLibrary.props
		PackageTool.props = PackageTool.props
	EndProjectSection
EndProject
Project("{2150E333-8FDC-42A3-9474-1A3956D46DE8}") = "build", "build", "{B3796E78-F32D-4A28-87C0-76E18A39B9C1}"
	ProjectSection(SolutionItems) = preProject
		azure-pipelines-pullrequests.yml = azure-pipelines-pullrequests.yml
		azure-pipelines.yml = azure-pipelines.yml
		Directory.Build.props = Directory.Build.props
		DotNetSdkMono.props = DotNetSdkMono.props
		FluentMigrator.snk = FluentMigrator.snk
		FluentMigrator.v3.ncrunchsolution = FluentMigrator.v3.ncrunchsolution
		GitVersion.yml = GitVersion.yml
		Global.props = Global.props
		nuget-upload.sh = nuget-upload.sh
		nuget.config = nuget.config
		PackageTool.props = PackageTool.props
	EndProjectSection
EndProject
Project("{9A19103F-16F7-4668-BE54-9A1E7A4F7556}") = "FluentMigrator.Example.TypeMapper", "samples\FluentMigrator.Example.TypeMapper\FluentMigrator.Example.TypeMapper.csproj", "{CD51E6A3-B43A-493B-B9FD-1C7A6E68F389}"
EndProject
Project("{2150E333-8FDC-42A3-9474-1A3956D46DE8}") = "docs", "docs", "{850DAD53-41AA-46B9-96AA-EEE249DB8AE2}"
	ProjectSection(SolutionItems) = preProject
		docs\README-nuget.md = docs\README-nuget.md
	EndProjectSection
EndProject
Project("{9A19103F-16F7-4668-BE54-9A1E7A4F7556}") = "FluentMigrator.Example.MSBuild", "samples\FluentMigrator.Example.MSBuild\FluentMigrator.Example.MSBuild.csproj", "{2755D82C-E45D-479B-B502-FAAF3322DD9B}"
EndProject
Global
	GlobalSection(SolutionConfigurationPlatforms) = preSolution
		Debug|Any CPU = Debug|Any CPU
		Debug|x64 = Debug|x64
		Debug|x86 = Debug|x86
		Release|Any CPU = Release|Any CPU
		Release|x64 = Release|x64
		Release|x86 = Release|x86
	EndGlobalSection
	GlobalSection(ProjectConfigurationPlatforms) = postSolution
		{0433595D-963A-49BE-BF05-9F293D88C7B2}.Debug|Any CPU.ActiveCfg = Debug|Any CPU
		{0433595D-963A-49BE-BF05-9F293D88C7B2}.Debug|Any CPU.Build.0 = Debug|Any CPU
		{0433595D-963A-49BE-BF05-9F293D88C7B2}.Debug|x64.ActiveCfg = Debug|Any CPU
		{0433595D-963A-49BE-BF05-9F293D88C7B2}.Debug|x64.Build.0 = Debug|Any CPU
		{0433595D-963A-49BE-BF05-9F293D88C7B2}.Debug|x86.ActiveCfg = Debug|Any CPU
		{0433595D-963A-49BE-BF05-9F293D88C7B2}.Debug|x86.Build.0 = Debug|Any CPU
		{0433595D-963A-49BE-BF05-9F293D88C7B2}.Release|Any CPU.ActiveCfg = Release|Any CPU
		{0433595D-963A-49BE-BF05-9F293D88C7B2}.Release|Any CPU.Build.0 = Release|Any CPU
		{0433595D-963A-49BE-BF05-9F293D88C7B2}.Release|x64.ActiveCfg = Release|Any CPU
		{0433595D-963A-49BE-BF05-9F293D88C7B2}.Release|x64.Build.0 = Release|Any CPU
		{0433595D-963A-49BE-BF05-9F293D88C7B2}.Release|x86.ActiveCfg = Release|Any CPU
		{0433595D-963A-49BE-BF05-9F293D88C7B2}.Release|x86.Build.0 = Release|Any CPU
		{26336AEF-C40C-4150-8CDD-92E090EDE315}.Debug|Any CPU.ActiveCfg = Debug|Any CPU
		{26336AEF-C40C-4150-8CDD-92E090EDE315}.Debug|Any CPU.Build.0 = Debug|Any CPU
		{26336AEF-C40C-4150-8CDD-92E090EDE315}.Debug|x64.ActiveCfg = Debug|Any CPU
		{26336AEF-C40C-4150-8CDD-92E090EDE315}.Debug|x64.Build.0 = Debug|Any CPU
		{26336AEF-C40C-4150-8CDD-92E090EDE315}.Debug|x86.ActiveCfg = Debug|Any CPU
		{26336AEF-C40C-4150-8CDD-92E090EDE315}.Debug|x86.Build.0 = Debug|Any CPU
		{26336AEF-C40C-4150-8CDD-92E090EDE315}.Release|Any CPU.ActiveCfg = Release|Any CPU
		{26336AEF-C40C-4150-8CDD-92E090EDE315}.Release|Any CPU.Build.0 = Release|Any CPU
		{26336AEF-C40C-4150-8CDD-92E090EDE315}.Release|x64.ActiveCfg = Release|Any CPU
		{26336AEF-C40C-4150-8CDD-92E090EDE315}.Release|x64.Build.0 = Release|Any CPU
		{26336AEF-C40C-4150-8CDD-92E090EDE315}.Release|x86.ActiveCfg = Release|Any CPU
		{26336AEF-C40C-4150-8CDD-92E090EDE315}.Release|x86.Build.0 = Release|Any CPU
		{A35186EC-1822-41CE-BD61-8F82AC96E8C2}.Debug|Any CPU.ActiveCfg = Debug|Any CPU
		{A35186EC-1822-41CE-BD61-8F82AC96E8C2}.Debug|Any CPU.Build.0 = Debug|Any CPU
		{A35186EC-1822-41CE-BD61-8F82AC96E8C2}.Debug|x64.ActiveCfg = Debug|Any CPU
		{A35186EC-1822-41CE-BD61-8F82AC96E8C2}.Debug|x64.Build.0 = Debug|Any CPU
		{A35186EC-1822-41CE-BD61-8F82AC96E8C2}.Debug|x86.ActiveCfg = Debug|Any CPU
		{A35186EC-1822-41CE-BD61-8F82AC96E8C2}.Debug|x86.Build.0 = Debug|Any CPU
		{A35186EC-1822-41CE-BD61-8F82AC96E8C2}.Release|Any CPU.ActiveCfg = Release|Any CPU
		{A35186EC-1822-41CE-BD61-8F82AC96E8C2}.Release|Any CPU.Build.0 = Release|Any CPU
		{A35186EC-1822-41CE-BD61-8F82AC96E8C2}.Release|x64.ActiveCfg = Release|Any CPU
		{A35186EC-1822-41CE-BD61-8F82AC96E8C2}.Release|x64.Build.0 = Release|Any CPU
		{A35186EC-1822-41CE-BD61-8F82AC96E8C2}.Release|x86.ActiveCfg = Release|Any CPU
		{A35186EC-1822-41CE-BD61-8F82AC96E8C2}.Release|x86.Build.0 = Release|Any CPU
		{CC0DC74D-76BC-4092-955D-79C7BA917694}.Debug|Any CPU.ActiveCfg = Debug|Any CPU
		{CC0DC74D-76BC-4092-955D-79C7BA917694}.Debug|Any CPU.Build.0 = Debug|Any CPU
		{CC0DC74D-76BC-4092-955D-79C7BA917694}.Debug|x64.ActiveCfg = Debug|Any CPU
		{CC0DC74D-76BC-4092-955D-79C7BA917694}.Debug|x64.Build.0 = Debug|Any CPU
		{CC0DC74D-76BC-4092-955D-79C7BA917694}.Debug|x86.ActiveCfg = Debug|Any CPU
		{CC0DC74D-76BC-4092-955D-79C7BA917694}.Debug|x86.Build.0 = Debug|Any CPU
		{CC0DC74D-76BC-4092-955D-79C7BA917694}.Release|Any CPU.ActiveCfg = Release|Any CPU
		{CC0DC74D-76BC-4092-955D-79C7BA917694}.Release|Any CPU.Build.0 = Release|Any CPU
		{CC0DC74D-76BC-4092-955D-79C7BA917694}.Release|x64.ActiveCfg = Release|Any CPU
		{CC0DC74D-76BC-4092-955D-79C7BA917694}.Release|x64.Build.0 = Release|Any CPU
		{CC0DC74D-76BC-4092-955D-79C7BA917694}.Release|x86.ActiveCfg = Release|Any CPU
		{CC0DC74D-76BC-4092-955D-79C7BA917694}.Release|x86.Build.0 = Release|Any CPU
		{391CBF2A-03C3-4E72-A8F1-1F195EA59BBA}.Debug|Any CPU.ActiveCfg = Debug|Any CPU
		{391CBF2A-03C3-4E72-A8F1-1F195EA59BBA}.Debug|Any CPU.Build.0 = Debug|Any CPU
		{391CBF2A-03C3-4E72-A8F1-1F195EA59BBA}.Debug|x64.ActiveCfg = Debug|Any CPU
		{391CBF2A-03C3-4E72-A8F1-1F195EA59BBA}.Debug|x64.Build.0 = Debug|Any CPU
		{391CBF2A-03C3-4E72-A8F1-1F195EA59BBA}.Debug|x86.ActiveCfg = Debug|Any CPU
		{391CBF2A-03C3-4E72-A8F1-1F195EA59BBA}.Debug|x86.Build.0 = Debug|Any CPU
		{391CBF2A-03C3-4E72-A8F1-1F195EA59BBA}.Release|Any CPU.ActiveCfg = Release|Any CPU
		{391CBF2A-03C3-4E72-A8F1-1F195EA59BBA}.Release|Any CPU.Build.0 = Release|Any CPU
		{391CBF2A-03C3-4E72-A8F1-1F195EA59BBA}.Release|x64.ActiveCfg = Release|Any CPU
		{391CBF2A-03C3-4E72-A8F1-1F195EA59BBA}.Release|x64.Build.0 = Release|Any CPU
		{391CBF2A-03C3-4E72-A8F1-1F195EA59BBA}.Release|x86.ActiveCfg = Release|Any CPU
		{391CBF2A-03C3-4E72-A8F1-1F195EA59BBA}.Release|x86.Build.0 = Release|Any CPU
		{7B2CE1AA-0FEC-44D9-9643-990D70318F40}.Debug|Any CPU.ActiveCfg = Debug|Any CPU
		{7B2CE1AA-0FEC-44D9-9643-990D70318F40}.Debug|Any CPU.Build.0 = Debug|Any CPU
		{7B2CE1AA-0FEC-44D9-9643-990D70318F40}.Debug|x64.ActiveCfg = Debug|Any CPU
		{7B2CE1AA-0FEC-44D9-9643-990D70318F40}.Debug|x64.Build.0 = Debug|Any CPU
		{7B2CE1AA-0FEC-44D9-9643-990D70318F40}.Debug|x86.ActiveCfg = Debug|Any CPU
		{7B2CE1AA-0FEC-44D9-9643-990D70318F40}.Debug|x86.Build.0 = Debug|Any CPU
		{7B2CE1AA-0FEC-44D9-9643-990D70318F40}.Release|Any CPU.ActiveCfg = Release|Any CPU
		{7B2CE1AA-0FEC-44D9-9643-990D70318F40}.Release|Any CPU.Build.0 = Release|Any CPU
		{7B2CE1AA-0FEC-44D9-9643-990D70318F40}.Release|x64.ActiveCfg = Release|Any CPU
		{7B2CE1AA-0FEC-44D9-9643-990D70318F40}.Release|x64.Build.0 = Release|Any CPU
		{7B2CE1AA-0FEC-44D9-9643-990D70318F40}.Release|x86.ActiveCfg = Release|Any CPU
		{7B2CE1AA-0FEC-44D9-9643-990D70318F40}.Release|x86.Build.0 = Release|Any CPU
		{9485E0CB-384C-4B28-AE97-5C34367D2CA9}.Debug|Any CPU.ActiveCfg = Debug|Any CPU
		{9485E0CB-384C-4B28-AE97-5C34367D2CA9}.Debug|Any CPU.Build.0 = Debug|Any CPU
		{9485E0CB-384C-4B28-AE97-5C34367D2CA9}.Debug|x64.ActiveCfg = Debug|Any CPU
		{9485E0CB-384C-4B28-AE97-5C34367D2CA9}.Debug|x64.Build.0 = Debug|Any CPU
		{9485E0CB-384C-4B28-AE97-5C34367D2CA9}.Debug|x86.ActiveCfg = Debug|Any CPU
		{9485E0CB-384C-4B28-AE97-5C34367D2CA9}.Debug|x86.Build.0 = Debug|Any CPU
		{9485E0CB-384C-4B28-AE97-5C34367D2CA9}.Release|Any CPU.ActiveCfg = Release|Any CPU
		{9485E0CB-384C-4B28-AE97-5C34367D2CA9}.Release|Any CPU.Build.0 = Release|Any CPU
		{9485E0CB-384C-4B28-AE97-5C34367D2CA9}.Release|x64.ActiveCfg = Release|Any CPU
		{9485E0CB-384C-4B28-AE97-5C34367D2CA9}.Release|x64.Build.0 = Release|Any CPU
		{9485E0CB-384C-4B28-AE97-5C34367D2CA9}.Release|x86.ActiveCfg = Release|Any CPU
		{9485E0CB-384C-4B28-AE97-5C34367D2CA9}.Release|x86.Build.0 = Release|Any CPU
		{CD51E6A3-B43A-493B-B9FD-1C7A6E68F389}.Debug|Any CPU.ActiveCfg = Debug|Any CPU
		{CD51E6A3-B43A-493B-B9FD-1C7A6E68F389}.Debug|Any CPU.Build.0 = Debug|Any CPU
		{CD51E6A3-B43A-493B-B9FD-1C7A6E68F389}.Debug|x64.ActiveCfg = Debug|Any CPU
		{CD51E6A3-B43A-493B-B9FD-1C7A6E68F389}.Debug|x64.Build.0 = Debug|Any CPU
		{CD51E6A3-B43A-493B-B9FD-1C7A6E68F389}.Debug|x86.ActiveCfg = Debug|Any CPU
		{CD51E6A3-B43A-493B-B9FD-1C7A6E68F389}.Debug|x86.Build.0 = Debug|Any CPU
		{CD51E6A3-B43A-493B-B9FD-1C7A6E68F389}.Release|Any CPU.ActiveCfg = Release|Any CPU
		{CD51E6A3-B43A-493B-B9FD-1C7A6E68F389}.Release|Any CPU.Build.0 = Release|Any CPU
		{CD51E6A3-B43A-493B-B9FD-1C7A6E68F389}.Release|x64.ActiveCfg = Release|Any CPU
		{CD51E6A3-B43A-493B-B9FD-1C7A6E68F389}.Release|x64.Build.0 = Release|Any CPU
		{CD51E6A3-B43A-493B-B9FD-1C7A6E68F389}.Release|x86.ActiveCfg = Release|Any CPU
		{CD51E6A3-B43A-493B-B9FD-1C7A6E68F389}.Release|x86.Build.0 = Release|Any CPU
		{2755D82C-E45D-479B-B502-FAAF3322DD9B}.Debug|Any CPU.ActiveCfg = Debug|Any CPU
		{2755D82C-E45D-479B-B502-FAAF3322DD9B}.Debug|Any CPU.Build.0 = Debug|Any CPU
		{2755D82C-E45D-479B-B502-FAAF3322DD9B}.Debug|x64.ActiveCfg = Debug|Any CPU
		{2755D82C-E45D-479B-B502-FAAF3322DD9B}.Debug|x64.Build.0 = Debug|Any CPU
		{2755D82C-E45D-479B-B502-FAAF3322DD9B}.Debug|x86.ActiveCfg = Debug|Any CPU
		{2755D82C-E45D-479B-B502-FAAF3322DD9B}.Debug|x86.Build.0 = Debug|Any CPU
		{2755D82C-E45D-479B-B502-FAAF3322DD9B}.Release|Any CPU.ActiveCfg = Release|Any CPU
		{2755D82C-E45D-479B-B502-FAAF3322DD9B}.Release|Any CPU.Build.0 = Release|Any CPU
		{2755D82C-E45D-479B-B502-FAAF3322DD9B}.Release|x64.ActiveCfg = Release|Any CPU
		{2755D82C-E45D-479B-B502-FAAF3322DD9B}.Release|x64.Build.0 = Release|Any CPU
		{2755D82C-E45D-479B-B502-FAAF3322DD9B}.Release|x86.ActiveCfg = Release|Any CPU
		{2755D82C-E45D-479B-B502-FAAF3322DD9B}.Release|x86.Build.0 = Release|Any CPU
	EndGlobalSection
	GlobalSection(SolutionProperties) = preSolution
		HideSolutionNode = FALSE
	EndGlobalSection
	GlobalSection(NestedProjects) = preSolution
		{0433595D-963A-49BE-BF05-9F293D88C7B2} = {9D911F62-908F-4067-A487-73D146993031}
		{9D911F62-908F-4067-A487-73D146993031} = {16DED0B3-1401-43AD-9402-3DC90918FFD7}
		{BFDA3B73-2F8E-4AFF-A6EF-322B9FECD3D1} = {16DED0B3-1401-43AD-9402-3DC90918FFD7}
		{26336AEF-C40C-4150-8CDD-92E090EDE315} = {BFDA3B73-2F8E-4AFF-A6EF-322B9FECD3D1}
		{A35186EC-1822-41CE-BD61-8F82AC96E8C2} = {9D911F62-908F-4067-A487-73D146993031}
		{CC0DC74D-76BC-4092-955D-79C7BA917694} = {16DED0B3-1401-43AD-9402-3DC90918FFD7}
		{391CBF2A-03C3-4E72-A8F1-1F195EA59BBA} = {DE3C74CA-1396-44E6-B46B-5536BC9771DB}
		{7B2CE1AA-0FEC-44D9-9643-990D70318F40} = {DE3C74CA-1396-44E6-B46B-5536BC9771DB}
		{9485E0CB-384C-4B28-AE97-5C34367D2CA9} = {16DED0B3-1401-43AD-9402-3DC90918FFD7}
		{A9B5BE31-4940-4092-A0A7-79C3F73B4584} = {2AC15906-580E-4530-A860-6BA6301CAD2E}
		{CD51E6A3-B43A-493B-B9FD-1C7A6E68F389} = {DE3C74CA-1396-44E6-B46B-5536BC9771DB}
		{2755D82C-E45D-479B-B502-FAAF3322DD9B} = {DE3C74CA-1396-44E6-B46B-5536BC9771DB}
	EndGlobalSection
	GlobalSection(ExtensibilityGlobals) = postSolution
		SolutionGuid = {722C9D0D-FAB6-4CCE-9A4A-56E24235A9E0}
	EndGlobalSection
EndGlobal
